
Microsoft Visual Studio Solution File, Format Version 12.00
# Visual Studio 2012
Project("{8BC9CEB8-8B4A-11D0-8D11-00A0C91BC942}") = "hw1_4", "hw1_4\hw1_4.vcxproj", "{F8BDF837-57B8-4215-858C-86E0CC05C173}"
EndProject
Global
	GlobalSection(SolutionConfigurationPlatforms) = preSolution
		Debug|Win32 = Debug|Win32
		Release|Win32 = Release|Win32
	EndGlobalSection
	GlobalSection(ProjectConfigurationPlatforms) = postSolution
		{F8BDF837-57B8-4215-858C-86E0CC05C173}.Debug|Win32.ActiveCfg = Debug|Win32
		{F8BDF837-57B8-4215-858C-86E0CC05C173}.Debug|Win32.Build.0 = Debug|Win32
		{F8BDF837-57B8-4215-858C-86E0CC05C173}.Release|Win32.ActiveCfg = Release|Win32
		{F8BDF837-57B8-4215-858C-86E0CC05C173}.Release|Win32.Build.0 = Release|Win32
	EndGlobalSection
	GlobalSection(SolutionProperties) = preSolution
		HideSolutionNode = FALSE
	EndGlobalSection
EndGlobal
