
Microsoft Visual Studio Solution File, Format Version 12.00
# Visual Studio 2012
Project("{8BC9CEB8-8B4A-11D0-8D11-00A0C91BC942}") = "hw2_2", "hw2_2\hw2_2.vcxproj", "{8AC1C163-88E0-4B0D-853D-6D3F752AF7D3}"
EndProject
Global
	GlobalSection(SolutionConfigurationPlatforms) = preSolution
		Debug|Win32 = Debug|Win32
		Release|Win32 = Release|Win32
	EndGlobalSection
	GlobalSection(ProjectConfigurationPlatforms) = postSolution
		{8AC1C163-88E0-4B0D-853D-6D3F752AF7D3}.Debug|Win32.ActiveCfg = Debug|Win32
		{8AC1C163-88E0-4B0D-853D-6D3F752AF7D3}.Debug|Win32.Build.0 = Debug|Win32
		{8AC1C163-88E0-4B0D-853D-6D3F752AF7D3}.Release|Win32.ActiveCfg = Release|Win32
		{8AC1C163-88E0-4B0D-853D-6D3F752AF7D3}.Release|Win32.Build.0 = Release|Win32
	EndGlobalSection
	GlobalSection(SolutionProperties) = preSolution
		HideSolutionNode = FALSE
	EndGlobalSection
EndGlobal
